{
  "version": 4,
  "terraform_version": "1.14.4",
  "serial": 8,
  "lineage": "287c1638-245d-98b0-adce-7fd1a3afb878",
  "outputs": {},
  "resources": [
    {
      "mode": "data",
      "type": "azurerm_resource_group",
      "name": "rg",
      "provider": "provider[\"registry.terraform.io/hashicorp/azurerm\"]",
      "instances": [
        {
          "schema_version": 0,
          "attributes": {
            "id": "/subscriptions/2582c624-5631-45e8-848b-8f4b7cdd6490/resourceGroups/rg-cloud-lab",
            "location": "eastus",
            "managed_by": "",
            "name": "rg-cloud-lab",
            "tags": {},
            "timeouts": null
          },
          "sensitive_attributes": [],
          "identity_schema_version": 0
        }
      ]
    },
    {
      "mode": "data",
      "type": "azurerm_subnet",
      "name": "aks",
      "provider": "provider[\"registry.terraform.io/hashicorp/azurerm\"]",
      "instances": [
        {
          "schema_version": 0,
          "attributes": {
            "address_prefix": "10.58.1.0/24",
            "address_prefixes": [
              "10.58.1.0/24"
            ],
            "default_outbound_access_enabled": true,
            "id": "/subscriptions/2582c624-5631-45e8-848b-8f4b7cdd6490/resourceGroups/rg-cloud-lab/providers/Microsoft.Network/virtualNetworks/vnet-e08/subnets/snet-e08",
            "name": "snet-e08",
            "network_security_group_id": "",
            "private_endpoint_network_policies": "Disabled",
            "private_link_service_network_policies_enabled": true,
            "resource_group_name": "rg-cloud-lab",
            "route_table_id": "",
            "service_endpoints": [],
            "timeouts": null,
            "virtual_network_name": "vnet-e08"
          },
          "sensitive_attributes": [],
          "identity_schema_version": 0
        }
      ]
    },
    {
      "mode": "data",
      "type": "azurerm_virtual_network",
      "name": "vnet",
      "provider": "provider[\"registry.terraform.io/hashicorp/azurerm\"]",
      "instances": [
        {
          "schema_version": 0,
          "attributes": {
            "address_space": [
              "10.58.0.0/16"
            ],
            "dns_servers": [],
            "guid": "716144ab-6c5c-496e-8e7e-49b2a3884111",
            "id": "/subscriptions/2582c624-5631-45e8-848b-8f4b7cdd6490/resourceGroups/rg-cloud-lab/providers/Microsoft.Network/virtualNetworks/vnet-e08",
            "location": "eastus",
            "name": "vnet-e08",
            "resource_group_name": "rg-cloud-lab",
            "subnets": [
              "snet-e08"
            ],
            "tags": {
              "env": "lab",
              "managed-by": "terraform",
              "owner": "erick.iza"
            },
            "timeouts": null,
            "vnet_peerings": {},
            "vnet_peerings_addresses": []
          },
          "sensitive_attributes": [],
          "identity_schema_version": 0
        }
      ]
    },
    {
      "mode": "managed",
      "type": "azurerm_user_assigned_identity",
      "name": "aks",
      "provider": "provider[\"registry.terraform.io/hashicorp/azurerm\"]",
      "instances": [
        {
          "schema_version": 1,
          "attributes": {
            "client_id": "ca6078c1-8aa9-4c8f-a2bd-4caff4881abb",
            "id": "/subscriptions/2582c624-5631-45e8-848b-8f4b7cdd6490/resourceGroups/rg-cloud-lab/providers/Microsoft.ManagedIdentity/userAssignedIdentities/aks-e08-uami",
            "isolation_scope": "",
            "location": "eastus",
            "name": "aks-e08-uami",
            "principal_id": "cc5d908b-fe6b-4422-89de-eb5085e16648",
            "resource_group_name": "rg-cloud-lab",
            "tags": null,
            "tenant_id": "fa9b8893-5889-4ec0-9b2a-38f344ea8090",
            "timeouts": null
          },
          "sensitive_attributes": [],
          "identity_schema_version": 0,
          "private": "eyJlMmJmYjczMC1lY2FhLTExZTYtOGY4OC0zNDM2M2JjN2M0YzAiOnsiY3JlYXRlIjoxODAwMDAwMDAwMDAwLCJkZWxldGUiOjE4MDAwMDAwMDAwMDAsInJlYWQiOjMwMDAwMDAwMDAwMCwidXBkYXRlIjoxODAwMDAwMDAwMDAwfSwic2NoZW1hX3ZlcnNpb24iOiIxIn0="
        }
      ]
    }
  ],
  "check_results": null
}
