{
  "version": 4,
  "terraform_version": "1.14.4",
  "serial": 9,
  "lineage": "a9d0452b-976c-90ee-61e1-8bdeb571b4e5",
  "outputs": {
    "resource_group_name": {
      "value": "rg-cloud-lab",
      "type": "string"
    },
    "subnet_id": {
      "value": "/subscriptions/2582c624-5631-45e8-848b-8f4b7cdd6490/resourceGroups/rg-cloud-lab/providers/Microsoft.Network/virtualNetworks/vnet-e08/subnets/snet-e08",
      "type": "string"
    },
    "subnet_prefix": {
      "value": [
        "10.58.1.0/24"
      ],
      "type": [
        "list",
        "string"
      ]
    },
    "vnet_address_space": {
      "value": [
        "10.58.0.0/16"
      ],
      "type": [
        "set",
        "string"
      ]
    },
    "vnet_id": {
      "value": "/subscriptions/2582c624-5631-45e8-848b-8f4b7cdd6490/resourceGroups/rg-cloud-lab/providers/Microsoft.Network/virtualNetworks/vnet-e08",
      "type": "string"
    }
  },
  "resources": [
    {
      "mode": "data",
      "type": "azurerm_resource_group",
      "name": "rg",
      "provider": "provider[\"registry.terraform.io/hashicorp/azurerm\"]",
      "instances": [
        {
          "schema_version": 0,
          "attributes": {
            "id": "/subscriptions/2582c624-5631-45e8-848b-8f4b7cdd6490/resourceGroups/rg-cloud-lab",
            "location": "eastus",
            "managed_by": "",
            "name": "rg-cloud-lab",
            "tags": {},
            "timeouts": null
          },
          "sensitive_attributes": [],
          "identity_schema_version": 0
        }
      ]
    },
    {
      "mode": "managed",
      "type": "azurerm_subnet",
      "name": "subnet",
      "provider": "provider[\"registry.terraform.io/hashicorp/azurerm\"]",
      "instances": [
        {
          "schema_version": 0,
          "attributes": {
            "address_prefixes": [
              "10.58.1.0/24"
            ],
            "default_outbound_access_enabled": true,
            "delegation": [],
            "id": "/subscriptions/2582c624-5631-45e8-848b-8f4b7cdd6490/resourceGroups/rg-cloud-lab/providers/Microsoft.Network/virtualNetworks/vnet-e08/subnets/snet-e08",
            "ip_address_pool": [],
            "name": "snet-e08",
            "private_endpoint_network_policies": "Disabled",
            "private_link_service_network_policies_enabled": true,
            "resource_group_name": "rg-cloud-lab",
            "service_endpoint_policy_ids": null,
            "service_endpoints": null,
            "sharing_scope": "",
            "timeouts": null,
            "virtual_network_name": "vnet-e08"
          },
          "sensitive_attributes": [],
          "identity_schema_version": 0,
          "identity": {
            "name": "snet-e08",
            "resource_group_name": "rg-cloud-lab",
            "subscription_id": "2582c624-5631-45e8-848b-8f4b7cdd6490",
            "virtual_network_name": "vnet-e08"
          },
          "private": "eyJlMmJmYjczMC1lY2FhLTExZTYtOGY4OC0zNDM2M2JjN2M0YzAiOnsiY3JlYXRlIjoxODAwMDAwMDAwMDAwLCJkZWxldGUiOjE4MDAwMDAwMDAwMDAsInJlYWQiOjMwMDAwMDAwMDAwMCwidXBkYXRlIjoxODAwMDAwMDAwMDAwfX0=",
          "dependencies": [
            "azurerm_virtual_network.vnet",
            "data.azurerm_resource_group.rg"
          ]
        }
      ]
    },
    {
      "mode": "managed",
      "type": "azurerm_virtual_network",
      "name": "vnet",
      "provider": "provider[\"registry.terraform.io/hashicorp/azurerm\"]",
      "instances": [
        {
          "schema_version": 0,
          "attributes": {
            "address_space": [
              "10.58.0.0/16"
            ],
            "bgp_community": "",
            "ddos_protection_plan": [],
            "dns_servers": [],
            "edge_zone": "",
            "encryption": [],
            "flow_timeout_in_minutes": 0,
            "guid": "17bac36e-ea10-43fd-a202-0cd570769561",
            "id": "/subscriptions/2582c624-5631-45e8-848b-8f4b7cdd6490/resourceGroups/rg-cloud-lab/providers/Microsoft.Network/virtualNetworks/vnet-e08",
            "ip_address_pool": [],
            "location": "eastus",
            "name": "vnet-e08",
            "private_endpoint_vnet_policies": "Disabled",
            "resource_group_name": "rg-cloud-lab",
            "subnet": [],
            "tags": {
              "env": "lab",
              "managed-by": "terraform",
              "owner": "erick.iza"
            },
            "timeouts": null
          },
          "sensitive_attributes": [],
          "identity_schema_version": 0,
          "identity": {
            "name": "vnet-e08",
            "resource_group_name": "rg-cloud-lab",
            "subscription_id": "2582c624-5631-45e8-848b-8f4b7cdd6490"
          },
          "private": "eyJlMmJmYjczMC1lY2FhLTExZTYtOGY4OC0zNDM2M2JjN2M0YzAiOnsiY3JlYXRlIjoxODAwMDAwMDAwMDAwLCJkZWxldGUiOjE4MDAwMDAwMDAwMDAsInJlYWQiOjMwMDAwMDAwMDAwMCwidXBkYXRlIjoxODAwMDAwMDAwMDAwfX0=",
          "dependencies": [
            "data.azurerm_resource_group.rg"
          ]
        }
      ]
    },
    {
      "mode": "managed",
      "type": "random_pet",
      "name": "suffix",
      "provider": "provider[\"registry.terraform.io/hashicorp/random\"]",
      "instances": [
        {
          "schema_version": 0,
          "attributes": {
            "id": "choice-ray",
            "keepers": null,
            "length": 2,
            "prefix": null,
            "separator": "-"
          },
          "sensitive_attributes": [],
          "identity_schema_version": 0
        }
      ]
    }
  ],
  "check_results": null
}
